
Microsoft Visual Studio Solution File, Format Version 12.00
# Visual Studio Version 17
VisualStudioVersion = 17.1.32421.90
MinimumVisualStudioVersion = 10.0.40219.1
Project("{8BC9CEB8-8B4A-11D0-8D11-00A0C91BC942}") = "DeleteProfile", "wrk\DeleteProfile\DeleteProfile.vcxproj", "{DF35B4C5-15BB-402B-847D-9CAA564E786C}"
EndProject
Project("{8BC9CEB8-8B4A-11D0-8D11-00A0C91BC942}") = "CheckStatus", "wrk\CheckStatus\CheckStatus.vcxproj", "{E6EA92DA-15A1-4E60-9170-B355A2910DE4}"
EndProject
Project("{9A19103F-16F7-4668-BE54-9A1E7A4F7556}") = "DataConsole", "wrk\DataConsole\DataConsole.csproj", "{9B963DC7-D11F-406F-AFF6-28190044C3EA}"
EndProject
Project("{9A19103F-16F7-4668-BE54-9A1E7A4F7556}") = "Etudes", "wrk\Etudes\Etudes.csproj", "{3E26B38D-D5D8-4A4B-944C-096B032868FF}"
EndProject
Project("{8BC9CEB8-8B4A-11D0-8D11-00A0C91BC942}") = "msgex", "wrk\msgex\msgex.vcxproj", "{8FEAB586-76EC-4AC9-BC52-561837221D03}"
EndProject
Project("{8BC9CEB8-8B4A-11D0-8D11-00A0C91BC942}") = "Fetch", "wrk\Fetch\Fetch.vcxproj", "{BE7E71BB-957C-4904-9237-C820044BDF4D}"
EndProject
Project("{8BC9CEB8-8B4A-11D0-8D11-00A0C91BC942}") = "Info", "wrk\Info\Info.vcxproj", "{7F62E3A7-7AA7-4DA7-8FD5-6FB40C44D77A}"
EndProject
Project("{9A19103F-16F7-4668-BE54-9A1E7A4F7556}") = "AutoCA", "wrk\AutoCA\AutoCA.csproj", "{2B5BDA35-C984-48B9-AE29-2E4950F18057}"
EndProject
Project("{B7DD6F7E-DEF8-4E67-B5B7-07EF123DB6F0}") = "Setup", "wrk\Setup\Setup.wixproj", "{1F587922-DCA9-4888-A64C-AAEE44519EE4}"
EndProject
Global
	GlobalSection(SolutionConfigurationPlatforms) = preSolution
		Debug|Any CPU = Debug|Any CPU
		Debug|ARM = Debug|ARM
		Debug|ARM64 = Debug|ARM64
		Debug|x64 = Debug|x64
		Debug|x86 = Debug|x86
		Release|Any CPU = Release|Any CPU
		Release|ARM = Release|ARM
		Release|ARM64 = Release|ARM64
		Release|x64 = Release|x64
		Release|x86 = Release|x86
	EndGlobalSection
	GlobalSection(ProjectConfigurationPlatforms) = postSolution
		{DF35B4C5-15BB-402B-847D-9CAA564E786C}.Debug|Any CPU.ActiveCfg = Debug|x64
		{DF35B4C5-15BB-402B-847D-9CAA564E786C}.Debug|Any CPU.Build.0 = Debug|x64
		{DF35B4C5-15BB-402B-847D-9CAA564E786C}.Debug|ARM.ActiveCfg = Debug|x64
		{DF35B4C5-15BB-402B-847D-9CAA564E786C}.Debug|ARM.Build.0 = Debug|x64
		{DF35B4C5-15BB-402B-847D-9CAA564E786C}.Debug|ARM64.ActiveCfg = Debug|x64
		{DF35B4C5-15BB-402B-847D-9CAA564E786C}.Debug|ARM64.Build.0 = Debug|x64
		{DF35B4C5-15BB-402B-847D-9CAA564E786C}.Debug|x64.ActiveCfg = Debug|x64
		{DF35B4C5-15BB-402B-847D-9CAA564E786C}.Debug|x64.Build.0 = Debug|x64
		{DF35B4C5-15BB-402B-847D-9CAA564E786C}.Debug|x86.ActiveCfg = Debug|Win32
		{DF35B4C5-15BB-402B-847D-9CAA564E786C}.Debug|x86.Build.0 = Debug|Win32
		{DF35B4C5-15BB-402B-847D-9CAA564E786C}.Release|Any CPU.ActiveCfg = Release|x64
		{DF35B4C5-15BB-402B-847D-9CAA564E786C}.Release|Any CPU.Build.0 = Release|x64
		{DF35B4C5-15BB-402B-847D-9CAA564E786C}.Release|ARM.ActiveCfg = Release|x64
		{DF35B4C5-15BB-402B-847D-9CAA564E786C}.Release|ARM.Build.0 = Release|x64
		{DF35B4C5-15BB-402B-847D-9CAA564E786C}.Release|ARM64.ActiveCfg = Release|x64
		{DF35B4C5-15BB-402B-847D-9CAA564E786C}.Release|ARM64.Build.0 = Release|x64
		{DF35B4C5-15BB-402B-847D-9CAA564E786C}.Release|x64.ActiveCfg = Release|x64
		{DF35B4C5-15BB-402B-847D-9CAA564E786C}.Release|x64.Build.0 = Release|x64
		{DF35B4C5-15BB-402B-847D-9CAA564E786C}.Release|x86.ActiveCfg = Release|Win32
		{DF35B4C5-15BB-402B-847D-9CAA564E786C}.Release|x86.Build.0 = Release|Win32
		{E6EA92DA-15A1-4E60-9170-B355A2910DE4}.Debug|Any CPU.ActiveCfg = Debug|x64
		{E6EA92DA-15A1-4E60-9170-B355A2910DE4}.Debug|Any CPU.Build.0 = Debug|x64
		{E6EA92DA-15A1-4E60-9170-B355A2910DE4}.Debug|ARM.ActiveCfg = Debug|x64
		{E6EA92DA-15A1-4E60-9170-B355A2910DE4}.Debug|ARM.Build.0 = Debug|x64
		{E6EA92DA-15A1-4E60-9170-B355A2910DE4}.Debug|ARM64.ActiveCfg = Debug|x64
		{E6EA92DA-15A1-4E60-9170-B355A2910DE4}.Debug|ARM64.Build.0 = Debug|x64
		{E6EA92DA-15A1-4E60-9170-B355A2910DE4}.Debug|x64.ActiveCfg = Debug|x64
		{E6EA92DA-15A1-4E60-9170-B355A2910DE4}.Debug|x64.Build.0 = Debug|x64
		{E6EA92DA-15A1-4E60-9170-B355A2910DE4}.Debug|x86.ActiveCfg = Debug|Win32
		{E6EA92DA-15A1-4E60-9170-B355A2910DE4}.Debug|x86.Build.0 = Debug|Win32
		{E6EA92DA-15A1-4E60-9170-B355A2910DE4}.Release|Any CPU.ActiveCfg = Release|x64
		{E6EA92DA-15A1-4E60-9170-B355A2910DE4}.Release|Any CPU.Build.0 = Release|x64
		{E6EA92DA-15A1-4E60-9170-B355A2910DE4}.Release|ARM.ActiveCfg = Release|x64
		{E6EA92DA-15A1-4E60-9170-B355A2910DE4}.Release|ARM.Build.0 = Release|x64
		{E6EA92DA-15A1-4E60-9170-B355A2910DE4}.Release|ARM64.ActiveCfg = Release|x64
		{E6EA92DA-15A1-4E60-9170-B355A2910DE4}.Release|ARM64.Build.0 = Release|x64
		{E6EA92DA-15A1-4E60-9170-B355A2910DE4}.Release|x64.ActiveCfg = Release|x64
		{E6EA92DA-15A1-4E60-9170-B355A2910DE4}.Release|x64.Build.0 = Release|x64
		{E6EA92DA-15A1-4E60-9170-B355A2910DE4}.Release|x86.ActiveCfg = Release|Win32
		{E6EA92DA-15A1-4E60-9170-B355A2910DE4}.Release|x86.Build.0 = Release|Win32
		{9B963DC7-D11F-406F-AFF6-28190044C3EA}.Debug|Any CPU.ActiveCfg = Debug|x64
		{9B963DC7-D11F-406F-AFF6-28190044C3EA}.Debug|Any CPU.Build.0 = Debug|x64
		{9B963DC7-D11F-406F-AFF6-28190044C3EA}.Debug|Any CPU.Deploy.0 = Debug|x64
		{9B963DC7-D11F-406F-AFF6-28190044C3EA}.Debug|ARM.ActiveCfg = Debug|x64
		{9B963DC7-D11F-406F-AFF6-28190044C3EA}.Debug|ARM.Build.0 = Debug|x64
		{9B963DC7-D11F-406F-AFF6-28190044C3EA}.Debug|ARM.Deploy.0 = Debug|x64
		{9B963DC7-D11F-406F-AFF6-28190044C3EA}.Debug|ARM64.ActiveCfg = Debug|arm64
		{9B963DC7-D11F-406F-AFF6-28190044C3EA}.Debug|ARM64.Build.0 = Debug|arm64
		{9B963DC7-D11F-406F-AFF6-28190044C3EA}.Debug|ARM64.Deploy.0 = Debug|arm64
		{9B963DC7-D11F-406F-AFF6-28190044C3EA}.Debug|x64.ActiveCfg = Debug|x64
		{9B963DC7-D11F-406F-AFF6-28190044C3EA}.Debug|x64.Build.0 = Debug|x64
		{9B963DC7-D11F-406F-AFF6-28190044C3EA}.Debug|x64.Deploy.0 = Debug|x64
		{9B963DC7-D11F-406F-AFF6-28190044C3EA}.Debug|x86.ActiveCfg = Debug|x86
		{9B963DC7-D11F-406F-AFF6-28190044C3EA}.Debug|x86.Build.0 = Debug|x86
		{9B963DC7-D11F-406F-AFF6-28190044C3EA}.Debug|x86.Deploy.0 = Debug|x86
		{9B963DC7-D11F-406F-AFF6-28190044C3EA}.Release|Any CPU.ActiveCfg = Release|x64
		{9B963DC7-D11F-406F-AFF6-28190044C3EA}.Release|Any CPU.Build.0 = Release|x64
		{9B963DC7-D11F-406F-AFF6-28190044C3EA}.Release|Any CPU.Deploy.0 = Release|x64
		{9B963DC7-D11F-406F-AFF6-28190044C3EA}.Release|ARM.ActiveCfg = Release|x64
		{9B963DC7-D11F-406F-AFF6-28190044C3EA}.Release|ARM.Build.0 = Release|x64
		{9B963DC7-D11F-406F-AFF6-28190044C3EA}.Release|ARM.Deploy.0 = Release|x64
		{9B963DC7-D11F-406F-AFF6-28190044C3EA}.Release|ARM64.ActiveCfg = Release|arm64
		{9B963DC7-D11F-406F-AFF6-28190044C3EA}.Release|ARM64.Build.0 = Release|arm64
		{9B963DC7-D11F-406F-AFF6-28190044C3EA}.Release|ARM64.Deploy.0 = Release|arm64
		{9B963DC7-D11F-406F-AFF6-28190044C3EA}.Release|x64.ActiveCfg = Release|x64
		{9B963DC7-D11F-406F-AFF6-28190044C3EA}.Release|x64.Build.0 = Release|x64
		{9B963DC7-D11F-406F-AFF6-28190044C3EA}.Release|x64.Deploy.0 = Release|x64
		{9B963DC7-D11F-406F-AFF6-28190044C3EA}.Release|x86.ActiveCfg = Release|x86
		{9B963DC7-D11F-406F-AFF6-28190044C3EA}.Release|x86.Build.0 = Release|x86
		{9B963DC7-D11F-406F-AFF6-28190044C3EA}.Release|x86.Deploy.0 = Release|x86
		{3E26B38D-D5D8-4A4B-944C-096B032868FF}.Debug|Any CPU.ActiveCfg = Debug|Any CPU
		{3E26B38D-D5D8-4A4B-944C-096B032868FF}.Debug|Any CPU.Build.0 = Debug|Any CPU
		{3E26B38D-D5D8-4A4B-944C-096B032868FF}.Debug|ARM.ActiveCfg = Debug|Any CPU
		{3E26B38D-D5D8-4A4B-944C-096B032868FF}.Debug|ARM.Build.0 = Debug|Any CPU
		{3E26B38D-D5D8-4A4B-944C-096B032868FF}.Debug|ARM64.ActiveCfg = Debug|Any CPU
		{3E26B38D-D5D8-4A4B-944C-096B032868FF}.Debug|ARM64.Build.0 = Debug|Any CPU
		{3E26B38D-D5D8-4A4B-944C-096B032868FF}.Debug|x64.ActiveCfg = Debug|Any CPU
		{3E26B38D-D5D8-4A4B-944C-096B032868FF}.Debug|x64.Build.0 = Debug|Any CPU
		{3E26B38D-D5D8-4A4B-944C-096B032868FF}.Debug|x86.ActiveCfg = Debug|Any CPU
		{3E26B38D-D5D8-4A4B-944C-096B032868FF}.Debug|x86.Build.0 = Debug|Any CPU
		{3E26B38D-D5D8-4A4B-944C-096B032868FF}.Release|Any CPU.ActiveCfg = Release|Any CPU
		{3E26B38D-D5D8-4A4B-944C-096B032868FF}.Release|Any CPU.Build.0 = Release|Any CPU
		{3E26B38D-D5D8-4A4B-944C-096B032868FF}.Release|ARM.ActiveCfg = Release|Any CPU
		{3E26B38D-D5D8-4A4B-944C-096B032868FF}.Release|ARM.Build.0 = Release|Any CPU
		{3E26B38D-D5D8-4A4B-944C-096B032868FF}.Release|ARM64.ActiveCfg = Release|Any CPU
		{3E26B38D-D5D8-4A4B-944C-096B032868FF}.Release|ARM64.Build.0 = Release|Any CPU
		{3E26B38D-D5D8-4A4B-944C-096B032868FF}.Release|x64.ActiveCfg = Release|Any CPU
		{3E26B38D-D5D8-4A4B-944C-096B032868FF}.Release|x64.Build.0 = Release|Any CPU
		{3E26B38D-D5D8-4A4B-944C-096B032868FF}.Release|x86.ActiveCfg = Release|Any CPU
		{3E26B38D-D5D8-4A4B-944C-096B032868FF}.Release|x86.Build.0 = Release|Any CPU
		{8FEAB586-76EC-4AC9-BC52-561837221D03}.Debug|Any CPU.ActiveCfg = Debug|x64
		{8FEAB586-76EC-4AC9-BC52-561837221D03}.Debug|Any CPU.Build.0 = Debug|x64
		{8FEAB586-76EC-4AC9-BC52-561837221D03}.Debug|ARM.ActiveCfg = Debug|x64
		{8FEAB586-76EC-4AC9-BC52-561837221D03}.Debug|ARM.Build.0 = Debug|x64
		{8FEAB586-76EC-4AC9-BC52-561837221D03}.Debug|ARM64.ActiveCfg = Debug|x64
		{8FEAB586-76EC-4AC9-BC52-561837221D03}.Debug|ARM64.Build.0 = Debug|x64
		{8FEAB586-76EC-4AC9-BC52-561837221D03}.Debug|x64.ActiveCfg = Debug|x64
		{8FEAB586-76EC-4AC9-BC52-561837221D03}.Debug|x64.Build.0 = Debug|x64
		{8FEAB586-76EC-4AC9-BC52-561837221D03}.Debug|x86.ActiveCfg = Debug|Win32
		{8FEAB586-76EC-4AC9-BC52-561837221D03}.Debug|x86.Build.0 = Debug|Win32
		{8FEAB586-76EC-4AC9-BC52-561837221D03}.Release|Any CPU.ActiveCfg = Release|x64
		{8FEAB586-76EC-4AC9-BC52-561837221D03}.Release|Any CPU.Build.0 = Release|x64
		{8FEAB586-76EC-4AC9-BC52-561837221D03}.Release|ARM.ActiveCfg = Release|x64
		{8FEAB586-76EC-4AC9-BC52-561837221D03}.Release|ARM.Build.0 = Release|x64
		{8FEAB586-76EC-4AC9-BC52-561837221D03}.Release|ARM64.ActiveCfg = Release|x64
		{8FEAB586-76EC-4AC9-BC52-561837221D03}.Release|ARM64.Build.0 = Release|x64
		{8FEAB586-76EC-4AC9-BC52-561837221D03}.Release|x64.ActiveCfg = Release|x64
		{8FEAB586-76EC-4AC9-BC52-561837221D03}.Release|x64.Build.0 = Release|x64
		{8FEAB586-76EC-4AC9-BC52-561837221D03}.Release|x86.ActiveCfg = Release|Win32
		{8FEAB586-76EC-4AC9-BC52-561837221D03}.Release|x86.Build.0 = Release|Win32
		{BE7E71BB-957C-4904-9237-C820044BDF4D}.Debug|Any CPU.ActiveCfg = Debug|x64
		{BE7E71BB-957C-4904-9237-C820044BDF4D}.Debug|Any CPU.Build.0 = Debug|x64
		{BE7E71BB-957C-4904-9237-C820044BDF4D}.Debug|ARM.ActiveCfg = Debug|x64
		{BE7E71BB-957C-4904-9237-C820044BDF4D}.Debug|ARM.Build.0 = Debug|x64
		{BE7E71BB-957C-4904-9237-C820044BDF4D}.Debug|ARM64.ActiveCfg = Debug|x64
		{BE7E71BB-957C-4904-9237-C820044BDF4D}.Debug|ARM64.Build.0 = Debug|x64
		{BE7E71BB-957C-4904-9237-C820044BDF4D}.Debug|x64.ActiveCfg = Debug|x64
		{BE7E71BB-957C-4904-9237-C820044BDF4D}.Debug|x64.Build.0 = Debug|x64
		{BE7E71BB-957C-4904-9237-C820044BDF4D}.Debug|x86.ActiveCfg = Debug|Win32
		{BE7E71BB-957C-4904-9237-C820044BDF4D}.Debug|x86.Build.0 = Debug|Win32
		{BE7E71BB-957C-4904-9237-C820044BDF4D}.Release|Any CPU.ActiveCfg = Release|x64
		{BE7E71BB-957C-4904-9237-C820044BDF4D}.Release|Any CPU.Build.0 = Release|x64
		{BE7E71BB-957C-4904-9237-C820044BDF4D}.Release|ARM.ActiveCfg = Release|x64
		{BE7E71BB-957C-4904-9237-C820044BDF4D}.Release|ARM.Build.0 = Release|x64
		{BE7E71BB-957C-4904-9237-C820044BDF4D}.Release|ARM64.ActiveCfg = Release|x64
		{BE7E71BB-957C-4904-9237-C820044BDF4D}.Release|ARM64.Build.0 = Release|x64
		{BE7E71BB-957C-4904-9237-C820044BDF4D}.Release|x64.ActiveCfg = Release|x64
		{BE7E71BB-957C-4904-9237-C820044BDF4D}.Release|x64.Build.0 = Release|x64
		{BE7E71BB-957C-4904-9237-C820044BDF4D}.Release|x86.ActiveCfg = Release|Win32
		{BE7E71BB-957C-4904-9237-C820044BDF4D}.Release|x86.Build.0 = Release|Win32
		{7F62E3A7-7AA7-4DA7-8FD5-6FB40C44D77A}.Debug|Any CPU.ActiveCfg = Debug|x64
		{7F62E3A7-7AA7-4DA7-8FD5-6FB40C44D77A}.Debug|Any CPU.Build.0 = Debug|x64
		{7F62E3A7-7AA7-4DA7-8FD5-6FB40C44D77A}.Debug|ARM.ActiveCfg = Debug|x64
		{7F62E3A7-7AA7-4DA7-8FD5-6FB40C44D77A}.Debug|ARM.Build.0 = Debug|x64
		{7F62E3A7-7AA7-4DA7-8FD5-6FB40C44D77A}.Debug|ARM64.ActiveCfg = Debug|x64
		{7F62E3A7-7AA7-4DA7-8FD5-6FB40C44D77A}.Debug|ARM64.Build.0 = Debug|x64
		{7F62E3A7-7AA7-4DA7-8FD5-6FB40C44D77A}.Debug|x64.ActiveCfg = Debug|x64
		{7F62E3A7-7AA7-4DA7-8FD5-6FB40C44D77A}.Debug|x64.Build.0 = Debug|x64
		{7F62E3A7-7AA7-4DA7-8FD5-6FB40C44D77A}.Debug|x86.ActiveCfg = Debug|Win32
		{7F62E3A7-7AA7-4DA7-8FD5-6FB40C44D77A}.Debug|x86.Build.0 = Debug|Win32
		{7F62E3A7-7AA7-4DA7-8FD5-6FB40C44D77A}.Release|Any CPU.ActiveCfg = Release|x64
		{7F62E3A7-7AA7-4DA7-8FD5-6FB40C44D77A}.Release|Any CPU.Build.0 = Release|x64
		{7F62E3A7-7AA7-4DA7-8FD5-6FB40C44D77A}.Release|ARM.ActiveCfg = Release|x64
		{7F62E3A7-7AA7-4DA7-8FD5-6FB40C44D77A}.Release|ARM.Build.0 = Release|x64
		{7F62E3A7-7AA7-4DA7-8FD5-6FB40C44D77A}.Release|ARM64.ActiveCfg = Release|x64
		{7F62E3A7-7AA7-4DA7-8FD5-6FB40C44D77A}.Release|ARM64.Build.0 = Release|x64
		{7F62E3A7-7AA7-4DA7-8FD5-6FB40C44D77A}.Release|x64.ActiveCfg = Release|x64
		{7F62E3A7-7AA7-4DA7-8FD5-6FB40C44D77A}.Release|x64.Build.0 = Release|x64
		{7F62E3A7-7AA7-4DA7-8FD5-6FB40C44D77A}.Release|x86.ActiveCfg = Release|Win32
		{7F62E3A7-7AA7-4DA7-8FD5-6FB40C44D77A}.Release|x86.Build.0 = Release|Win32
		{2B5BDA35-C984-48B9-AE29-2E4950F18057}.Debug|Any CPU.ActiveCfg = Debug|x64
		{2B5BDA35-C984-48B9-AE29-2E4950F18057}.Debug|Any CPU.Build.0 = Debug|x64
		{2B5BDA35-C984-48B9-AE29-2E4950F18057}.Debug|ARM.ActiveCfg = Debug|x64
		{2B5BDA35-C984-48B9-AE29-2E4950F18057}.Debug|ARM.Build.0 = Debug|x64
		{2B5BDA35-C984-48B9-AE29-2E4950F18057}.Debug|ARM64.ActiveCfg = Debug|ARM64
		{2B5BDA35-C984-48B9-AE29-2E4950F18057}.Debug|ARM64.Build.0 = Debug|ARM64
		{2B5BDA35-C984-48B9-AE29-2E4950F18057}.Debug|x64.ActiveCfg = Debug|x64
		{2B5BDA35-C984-48B9-AE29-2E4950F18057}.Debug|x64.Build.0 = Debug|x64
		{2B5BDA35-C984-48B9-AE29-2E4950F18057}.Debug|x86.ActiveCfg = Debug|x86
		{2B5BDA35-C984-48B9-AE29-2E4950F18057}.Debug|x86.Build.0 = Debug|x86
		{2B5BDA35-C984-48B9-AE29-2E4950F18057}.Release|Any CPU.ActiveCfg = Release|x64
		{2B5BDA35-C984-48B9-AE29-2E4950F18057}.Release|Any CPU.Build.0 = Release|x64
		{2B5BDA35-C984-48B9-AE29-2E4950F18057}.Release|ARM.ActiveCfg = Release|x64
		{2B5BDA35-C984-48B9-AE29-2E4950F18057}.Release|ARM.Build.0 = Release|x64
		{2B5BDA35-C984-48B9-AE29-2E4950F18057}.Release|ARM64.ActiveCfg = Release|ARM64
		{2B5BDA35-C984-48B9-AE29-2E4950F18057}.Release|ARM64.Build.0 = Release|ARM64
		{2B5BDA35-C984-48B9-AE29-2E4950F18057}.Release|x64.ActiveCfg = Release|x64
		{2B5BDA35-C984-48B9-AE29-2E4950F18057}.Release|x64.Build.0 = Release|x64
		{2B5BDA35-C984-48B9-AE29-2E4950F18057}.Release|x86.ActiveCfg = Release|x86
		{2B5BDA35-C984-48B9-AE29-2E4950F18057}.Release|x86.Build.0 = Release|x86
		{1F587922-DCA9-4888-A64C-AAEE44519EE4}.Debug|Any CPU.ActiveCfg = Debug|x64
		{1F587922-DCA9-4888-A64C-AAEE44519EE4}.Debug|Any CPU.Build.0 = Debug|x64
		{1F587922-DCA9-4888-A64C-AAEE44519EE4}.Debug|ARM.ActiveCfg = Debug|x64
		{1F587922-DCA9-4888-A64C-AAEE44519EE4}.Debug|ARM.Build.0 = Debug|x64
		{1F587922-DCA9-4888-A64C-AAEE44519EE4}.Debug|ARM64.ActiveCfg = Debug|ARM64
		{1F587922-DCA9-4888-A64C-AAEE44519EE4}.Debug|ARM64.Build.0 = Debug|ARM64
		{1F587922-DCA9-4888-A64C-AAEE44519EE4}.Debug|x64.ActiveCfg = Debug|x64
		{1F587922-DCA9-4888-A64C-AAEE44519EE4}.Debug|x64.Build.0 = Debug|x64
		{1F587922-DCA9-4888-A64C-AAEE44519EE4}.Debug|x86.ActiveCfg = Debug|x86
		{1F587922-DCA9-4888-A64C-AAEE44519EE4}.Debug|x86.Build.0 = Debug|x86
		{1F587922-DCA9-4888-A64C-AAEE44519EE4}.Release|Any CPU.ActiveCfg = Release|x64
		{1F587922-DCA9-4888-A64C-AAEE44519EE4}.Release|Any CPU.Build.0 = Release|x64
		{1F587922-DCA9-4888-A64C-AAEE44519EE4}.Release|ARM.ActiveCfg = Release|x64
		{1F587922-DCA9-4888-A64C-AAEE44519EE4}.Release|ARM.Build.0 = Release|x64
		{1F587922-DCA9-4888-A64C-AAEE44519EE4}.Release|ARM64.ActiveCfg = Release|ARM64
		{1F587922-DCA9-4888-A64C-AAEE44519EE4}.Release|ARM64.Build.0 = Release|ARM64
		{1F587922-DCA9-4888-A64C-AAEE44519EE4}.Release|x64.ActiveCfg = Release|x64
		{1F587922-DCA9-4888-A64C-AAEE44519EE4}.Release|x64.Build.0 = Release|x64
		{1F587922-DCA9-4888-A64C-AAEE44519EE4}.Release|x86.ActiveCfg = Release|x86
		{1F587922-DCA9-4888-A64C-AAEE44519EE4}.Release|x86.Build.0 = Release|x86
	EndGlobalSection
	GlobalSection(SolutionProperties) = preSolution
		HideSolutionNode = FALSE
	EndGlobalSection
	GlobalSection(ExtensibilityGlobals) = postSolution
		SolutionGuid = {A8405775-82F8-4B6F-80CF-76BBF4731F67}
	EndGlobalSection
EndGlobal
